
Microsoft Visual Studio Solution File, Format Version 12.00
# Visual Studio Version 17
VisualStudioVersion = 17.4.33122.133
MinimumVisualStudioVersion = 10.0.40219.1
Project("{FAE04EC0-301F-11D3-BF4B-00C04F79EFBC}") = "D365-UpdateAnyEntity", "D365-UpdateAnyEntity.csproj", "{743D9BDE-CB1B-4C4E-9B8D-92FA37DBA6EF}"
EndProject
Project("{FAE04EC0-301F-11D3-BF4B-00C04F79EFBC}") = "D365-UpdateAnyEntity.Test", "D365-UpdateAnyEntity.Test\D365-UpdateAnyEntity.Test.csproj", "{D380CBAF-5506-4DF1-B506-AECB7D4D155B}"
EndProject
Global
	GlobalSection(SolutionConfigurationPlatforms) = preSolution
		Debug|Any CPU = Debug|Any CPU
		Release|Any CPU = Release|Any CPU
	EndGlobalSection
	GlobalSection(ProjectConfigurationPlatforms) = postSolution
		{743D9BDE-CB1B-4C4E-9B8D-92FA37DBA6EF}.Debug|Any CPU.ActiveCfg = Debug|Any CPU
		{743D9BDE-CB1B-4C4E-9B8D-92FA37DBA6EF}.Debug|Any CPU.Build.0 = Debug|Any CPU
		{743D9BDE-CB1B-4C4E-9B8D-92FA37DBA6EF}.Release|Any CPU.ActiveCfg = Release|Any CPU
		{743D9BDE-CB1B-4C4E-9B8D-92FA37DBA6EF}.Release|Any CPU.Build.0 = Release|Any CPU
		{D380CBAF-5506-4DF1-B506-AECB7D4D155B}.Debug|Any CPU.ActiveCfg = Debug|Any CPU
		{D380CBAF-5506-4DF1-B506-AECB7D4D155B}.Debug|Any CPU.Build.0 = Debug|Any CPU
		{D380CBAF-5506-4DF1-B506-AECB7D4D155B}.Release|Any CPU.ActiveCfg = Release|Any CPU
		{D380CBAF-5506-4DF1-B506-AECB7D4D155B}.Release|Any CPU.Build.0 = Release|Any CPU
	EndGlobalSection
	GlobalSection(SolutionProperties) = preSolution
		HideSolutionNode = FALSE
	EndGlobalSection
	GlobalSection(ExtensibilityGlobals) = postSolution
		SolutionGuid = {F3EF7971-ED1E-413D-9AFF-D22F00FE5661}
	EndGlobalSection
EndGlobal
